
Microsoft Visual Studio Solution File, Format Version 12.00
# Visual Studio Version 17
VisualStudioVersion = 17.12.35527.113 d17.12
MinimumVisualStudioVersion = 10.0.40219.1
Project("{FAE04EC0-301F-11D3-BF4B-00C04F79EFBC}") = "CartShop", "CartShop\CartShop.csproj", "{0BDF7096-0567-41B6-B2EF-D19A781744D4}"
EndProject
Project("{FAE04EC0-301F-11D3-BF4B-00C04F79EFBC}") = "CartShop.BLL", "CartShop.BLL\CartShop.BLL.csproj", "{2F8D21E1-C702-429D-A5E9-F60872FFE2B4}"
EndProject
Project("{FAE04EC0-301F-11D3-BF4B-00C04F79EFBC}") = "CartShop.DAL", "CartShop.DAL\CartShop.DAL.csproj", "{B34D38BF-F87D-4EE5-B9A2-C4B35EB358F1}"
EndProject
Global
	GlobalSection(SolutionConfigurationPlatforms) = preSolution
		Debug|Any CPU = Debug|Any CPU
		Release|Any CPU = Release|Any CPU
	EndGlobalSection
	GlobalSection(ProjectConfigurationPlatforms) = postSolution
		{0BDF7096-0567-41B6-B2EF-D19A781744D4}.Debug|Any CPU.ActiveCfg = Debug|Any CPU
		{0BDF7096-0567-41B6-B2EF-D19A781744D4}.Debug|Any CPU.Build.0 = Debug|Any CPU
		{0BDF7096-0567-41B6-B2EF-D19A781744D4}.Release|Any CPU.ActiveCfg = Release|Any CPU
		{0BDF7096-0567-41B6-B2EF-D19A781744D4}.Release|Any CPU.Build.0 = Release|Any CPU
		{2F8D21E1-C702-429D-A5E9-F60872FFE2B4}.Debug|Any CPU.ActiveCfg = Debug|Any CPU
		{2F8D21E1-C702-429D-A5E9-F60872FFE2B4}.Debug|Any CPU.Build.0 = Debug|Any CPU
		{2F8D21E1-C702-429D-A5E9-F60872FFE2B4}.Release|Any CPU.ActiveCfg = Release|Any CPU
		{2F8D21E1-C702-429D-A5E9-F60872FFE2B4}.Release|Any CPU.Build.0 = Release|Any CPU
		{B34D38BF-F87D-4EE5-B9A2-C4B35EB358F1}.Debug|Any CPU.ActiveCfg = Debug|Any CPU
		{B34D38BF-F87D-4EE5-B9A2-C4B35EB358F1}.Debug|Any CPU.Build.0 = Debug|Any CPU
		{B34D38BF-F87D-4EE5-B9A2-C4B35EB358F1}.Release|Any CPU.ActiveCfg = Release|Any CPU
		{B34D38BF-F87D-4EE5-B9A2-C4B35EB358F1}.Release|Any CPU.Build.0 = Release|Any CPU
	EndGlobalSection
	GlobalSection(SolutionProperties) = preSolution
		HideSolutionNode = FALSE
	EndGlobalSection
EndGlobal
